
Microsoft Visual Studio Solution File, Format Version 12.00
# Visual Studio Version 17
VisualStudioVersion = 17.5.33627.172
MinimumVisualStudioVersion = 10.0.40219.1
Project("{2150E333-8FDC-42A3-9474-1A3956D46DE8}") = "src", "src", "{6CE7FF68-8A09-4B84-AC68-AA56D9770173}"
EndProject
Project("{9A19103F-16F7-4668-BE54-9A1E7A4F7556}") = "E-Lang.Application", "src\E-Lang.Application\E-Lang.Application.csproj", "{06BA7AF9-7656-42AF-8533-FA3E38801802}"
EndProject
Project("{9A19103F-16F7-4668-BE54-9A1E7A4F7556}") = "E-Lang.Domain", "src\E-Lang.Domain\E-Lang.Domain.csproj", "{E4F158DA-CCFB-4DB9-A350-7D6EC0B9337C}"
EndProject
Project("{9A19103F-16F7-4668-BE54-9A1E7A4F7556}") = "E-Lang.Persistence", "src\E-Lang.Persistence\E-Lang.Persistence.csproj", "{516F35F4-5947-46C7-81D4-20652F31EBE2}"
EndProject
Project("{9A19103F-16F7-4668-BE54-9A1E7A4F7556}") = "E-Lang.WebApi", "src\E-Lang.WebApi\E-Lang.WebApi.csproj", "{9E6EA753-6FEA-425E-975A-37F29C4A3B29}"
EndProject
Project("{2150E333-8FDC-42A3-9474-1A3956D46DE8}") = "tests", "tests", "{FBA84B6B-61BE-4971-9873-7C33239DEDE1}"
EndProject
Project("{FAE04EC0-301F-11D3-BF4B-00C04F79EFBC}") = "E-Lang.Tests.Common", "tests\E-Lang.Tests.Common\E-Lang.Tests.Common.csproj", "{0C2355CD-3844-41EF-B06A-8BAAD1A0DED3}"
EndProject
Project("{FAE04EC0-301F-11D3-BF4B-00C04F79EFBC}") = "E-Lang.Application.UnitTests", "tests\E-Lang.Application.UnitTests\E-Lang.Application.UnitTests.csproj", "{94B50B01-6B20-4A82-862B-2B32F137BB41}"
EndProject
Project("{FAE04EC0-301F-11D3-BF4B-00C04F79EFBC}") = "E-Lang.Application.IntegrationTests", "tests\E-Lang.Application.IntegrationTests\E-Lang.Application.IntegrationTests.csproj", "{D99DC180-F920-4DC8-8B3F-C303E87B094B}"
EndProject
Project("{2150E333-8FDC-42A3-9474-1A3956D46DE8}") = "tools", "tools", "{0CD3D9D4-6E1C-4DEA-8B23-37CCD5C655DC}"
EndProject
Project("{FAE04EC0-301F-11D3-BF4B-00C04F79EFBC}") = "E-Lang.Seeder", "tools\E-Lang.Seeder\E-Lang.Seeder.csproj", "{2EE78B63-B75D-46DB-B14D-6B1B638FEA2F}"
EndProject
Project("{FAE04EC0-301F-11D3-BF4B-00C04F79EFBC}") = "E-Lang.Builder", "tools\E-Lang.Builder\E-Lang.Builder.csproj", "{DD216550-868D-42A8-8ED7-0FDB87BE4EA5}"
EndProject
Project("{FAE04EC0-301F-11D3-BF4B-00C04F79EFBC}") = "E-Lang.Infrastructure", "src\E-Lang.Infrastructure\E-Lang.Infrastructure.csproj", "{EAF7BE07-70C6-487C-B3C5-EC1914664161}"
EndProject
Project("{FAE04EC0-301F-11D3-BF4B-00C04F79EFBC}") = "E-Lang.Infrastructure.UnitTests", "tests\E-Lang.Infrastructure.UnitTests\E-Lang.Infrastructure.UnitTests.csproj", "{A7189B1F-E16B-4FF7-8E9D-E1C3BC5CFBFA}"
EndProject
Global
	GlobalSection(SolutionConfigurationPlatforms) = preSolution
		Debug|Any CPU = Debug|Any CPU
		Release|Any CPU = Release|Any CPU
	EndGlobalSection
	GlobalSection(ProjectConfigurationPlatforms) = postSolution
		{06BA7AF9-7656-42AF-8533-FA3E38801802}.Debug|Any CPU.ActiveCfg = Debug|Any CPU
		{06BA7AF9-7656-42AF-8533-FA3E38801802}.Debug|Any CPU.Build.0 = Debug|Any CPU
		{06BA7AF9-7656-42AF-8533-FA3E38801802}.Release|Any CPU.ActiveCfg = Release|Any CPU
		{06BA7AF9-7656-42AF-8533-FA3E38801802}.Release|Any CPU.Build.0 = Release|Any CPU
		{E4F158DA-CCFB-4DB9-A350-7D6EC0B9337C}.Debug|Any CPU.ActiveCfg = Debug|Any CPU
		{E4F158DA-CCFB-4DB9-A350-7D6EC0B9337C}.Debug|Any CPU.Build.0 = Debug|Any CPU
		{E4F158DA-CCFB-4DB9-A350-7D6EC0B9337C}.Release|Any CPU.ActiveCfg = Release|Any CPU
		{E4F158DA-CCFB-4DB9-A350-7D6EC0B9337C}.Release|Any CPU.Build.0 = Release|Any CPU
		{516F35F4-5947-46C7-81D4-20652F31EBE2}.Debug|Any CPU.ActiveCfg = Debug|Any CPU
		{516F35F4-5947-46C7-81D4-20652F31EBE2}.Debug|Any CPU.Build.0 = Debug|Any CPU
		{516F35F4-5947-46C7-81D4-20652F31EBE2}.Release|Any CPU.ActiveCfg = Release|Any CPU
		{516F35F4-5947-46C7-81D4-20652F31EBE2}.Release|Any CPU.Build.0 = Release|Any CPU
		{9E6EA753-6FEA-425E-975A-37F29C4A3B29}.Debug|Any CPU.ActiveCfg = Debug|Any CPU
		{9E6EA753-6FEA-425E-975A-37F29C4A3B29}.Debug|Any CPU.Build.0 = Debug|Any CPU
		{9E6EA753-6FEA-425E-975A-37F29C4A3B29}.Release|Any CPU.ActiveCfg = Release|Any CPU
		{9E6EA753-6FEA-425E-975A-37F29C4A3B29}.Release|Any CPU.Build.0 = Release|Any CPU
		{0C2355CD-3844-41EF-B06A-8BAAD1A0DED3}.Debug|Any CPU.ActiveCfg = Debug|Any CPU
		{0C2355CD-3844-41EF-B06A-8BAAD1A0DED3}.Debug|Any CPU.Build.0 = Debug|Any CPU
		{0C2355CD-3844-41EF-B06A-8BAAD1A0DED3}.Release|Any CPU.ActiveCfg = Release|Any CPU
		{0C2355CD-3844-41EF-B06A-8BAAD1A0DED3}.Release|Any CPU.Build.0 = Release|Any CPU
		{94B50B01-6B20-4A82-862B-2B32F137BB41}.Debug|Any CPU.ActiveCfg = Debug|Any CPU
		{94B50B01-6B20-4A82-862B-2B32F137BB41}.Debug|Any CPU.Build.0 = Debug|Any CPU
		{94B50B01-6B20-4A82-862B-2B32F137BB41}.Release|Any CPU.ActiveCfg = Release|Any CPU
		{94B50B01-6B20-4A82-862B-2B32F137BB41}.Release|Any CPU.Build.0 = Release|Any CPU
		{D99DC180-F920-4DC8-8B3F-C303E87B094B}.Debug|Any CPU.ActiveCfg = Debug|Any CPU
		{D99DC180-F920-4DC8-8B3F-C303E87B094B}.Debug|Any CPU.Build.0 = Debug|Any CPU
		{D99DC180-F920-4DC8-8B3F-C303E87B094B}.Release|Any CPU.ActiveCfg = Release|Any CPU
		{D99DC180-F920-4DC8-8B3F-C303E87B094B}.Release|Any CPU.Build.0 = Release|Any CPU
		{2EE78B63-B75D-46DB-B14D-6B1B638FEA2F}.Debug|Any CPU.ActiveCfg = Debug|Any CPU
		{2EE78B63-B75D-46DB-B14D-6B1B638FEA2F}.Debug|Any CPU.Build.0 = Debug|Any CPU
		{2EE78B63-B75D-46DB-B14D-6B1B638FEA2F}.Release|Any CPU.ActiveCfg = Release|Any CPU
		{2EE78B63-B75D-46DB-B14D-6B1B638FEA2F}.Release|Any CPU.Build.0 = Release|Any CPU
		{DD216550-868D-42A8-8ED7-0FDB87BE4EA5}.Debug|Any CPU.ActiveCfg = Debug|Any CPU
		{DD216550-868D-42A8-8ED7-0FDB87BE4EA5}.Debug|Any CPU.Build.0 = Debug|Any CPU
		{DD216550-868D-42A8-8ED7-0FDB87BE4EA5}.Release|Any CPU.ActiveCfg = Release|Any CPU
		{DD216550-868D-42A8-8ED7-0FDB87BE4EA5}.Release|Any CPU.Build.0 = Release|Any CPU
		{EAF7BE07-70C6-487C-B3C5-EC1914664161}.Debug|Any CPU.ActiveCfg = Debug|Any CPU
		{EAF7BE07-70C6-487C-B3C5-EC1914664161}.Debug|Any CPU.Build.0 = Debug|Any CPU
		{EAF7BE07-70C6-487C-B3C5-EC1914664161}.Release|Any CPU.ActiveCfg = Release|Any CPU
		{EAF7BE07-70C6-487C-B3C5-EC1914664161}.Release|Any CPU.Build.0 = Release|Any CPU
		{A7189B1F-E16B-4FF7-8E9D-E1C3BC5CFBFA}.Debug|Any CPU.ActiveCfg = Debug|Any CPU
		{A7189B1F-E16B-4FF7-8E9D-E1C3BC5CFBFA}.Debug|Any CPU.Build.0 = Debug|Any CPU
		{A7189B1F-E16B-4FF7-8E9D-E1C3BC5CFBFA}.Release|Any CPU.ActiveCfg = Release|Any CPU
		{A7189B1F-E16B-4FF7-8E9D-E1C3BC5CFBFA}.Release|Any CPU.Build.0 = Release|Any CPU
	EndGlobalSection
	GlobalSection(SolutionProperties) = preSolution
		HideSolutionNode = FALSE
	EndGlobalSection
	GlobalSection(NestedProjects) = preSolution
		{06BA7AF9-7656-42AF-8533-FA3E38801802} = {6CE7FF68-8A09-4B84-AC68-AA56D9770173}
		{E4F158DA-CCFB-4DB9-A350-7D6EC0B9337C} = {6CE7FF68-8A09-4B84-AC68-AA56D9770173}
		{516F35F4-5947-46C7-81D4-20652F31EBE2} = {6CE7FF68-8A09-4B84-AC68-AA56D9770173}
		{9E6EA753-6FEA-425E-975A-37F29C4A3B29} = {6CE7FF68-8A09-4B84-AC68-AA56D9770173}
		{0C2355CD-3844-41EF-B06A-8BAAD1A0DED3} = {FBA84B6B-61BE-4971-9873-7C33239DEDE1}
		{94B50B01-6B20-4A82-862B-2B32F137BB41} = {FBA84B6B-61BE-4971-9873-7C33239DEDE1}
		{D99DC180-F920-4DC8-8B3F-C303E87B094B} = {FBA84B6B-61BE-4971-9873-7C33239DEDE1}
		{2EE78B63-B75D-46DB-B14D-6B1B638FEA2F} = {0CD3D9D4-6E1C-4DEA-8B23-37CCD5C655DC}
		{DD216550-868D-42A8-8ED7-0FDB87BE4EA5} = {0CD3D9D4-6E1C-4DEA-8B23-37CCD5C655DC}
		{EAF7BE07-70C6-487C-B3C5-EC1914664161} = {6CE7FF68-8A09-4B84-AC68-AA56D9770173}
		{A7189B1F-E16B-4FF7-8E9D-E1C3BC5CFBFA} = {FBA84B6B-61BE-4971-9873-7C33239DEDE1}
	EndGlobalSection
	GlobalSection(ExtensibilityGlobals) = postSolution
		SolutionGuid = {048B8A68-22E6-4E98-AC35-B9CBB6F6D844}
	EndGlobalSection
EndGlobal
